# This file is automatically @generated by Cargo.
# It is not intended for manual editing.
version = 3

[[package]]
name = "cc"
version = "1.0.68"
source = "registry+https://github.com/rust-lang/crates.io-index"
checksum = "4a72c244c1ff497a746a7e1fb3d14bd08420ecda70c8f25c7112f2781652d787"

[[package]]
name = "libc"
version = "0.2.97"
source = "registry+https://github.com/rust-lang/crates.io-index"
checksum = "12b8adadd720df158f4d70dfe7ccc6adb0472d7c55ca83445f6a5ab3e36f8fb6"

[[package]]
name = "ncurses"
version = "5.101.0"
source = "registry+https://github.com/rust-lang/crates.io-index"
checksum = "5e2c5d34d72657dc4b638a1c25d40aae81e4f1c699062f72f467237920752032"
dependencies = [
 "cc",
 "libc",
 "pkg-config",
]

[[package]]
name = "pkg-config"
version = "0.3.19"
source = "registry+https://github.com/rust-lang/crates.io-index"
checksum = "3831453b3449ceb48b6d9c7ad7c96d5ea673e9b470a1dc578c2ce6521230884c"

[[package]]
name = "todo-rs"
version = "0.1.0"
dependencies = [
 "libc",
 "ncurses",
]
