{
  "nodes": {
    "nixpkgs": {
      "locked": {
        "lastModified": 1677932085,
        "narHash": "sha256-+AB4dYllWig8iO6vAiGGYl0NEgmMgGHpy9gzWJ3322g=",
        "path": "/nix/store/qilsyakhi0qmjq9iwxn49g3qbl1rp5m7-source",
        "rev": "3c5319ad3aa51551182ac82ea17ab1c6b0f0df89",
        "type": "path"
      },
      "original": {
        "id": "nixpkgs",
        "type": "indirect"
      }
    },
    "root": {
      "inputs": {
        "nixpkgs": "nixpkgs"
      }
    }
  },
  "root": "root",
  "version": 7
}
